
Microsoft Visual Studio Solution File, Format Version 12.00
# Visual Studio Version 17
VisualStudioVersion = 17.14.36401.2 d17.14
MinimumVisualStudioVersion = 10.0.40219.1
Project("{FAE04EC0-301F-11D3-BF4B-00C04F79EFBC}") = "4.Condicionales dobles", "4.Condicionales dobles.csproj", "{DCFFABAE-625B-420B-8ADB-B9AC09141B72}"
EndProject
Global
	GlobalSection(SolutionConfigurationPlatforms) = preSolution
		Debug|Any CPU = Debug|Any CPU
		Release|Any CPU = Release|Any CPU
	EndGlobalSection
	GlobalSection(ProjectConfigurationPlatforms) = postSolution
		{DCFFABAE-625B-420B-8ADB-B9AC09141B72}.Debug|Any CPU.ActiveCfg = Debug|Any CPU
		{DCFFABAE-625B-420B-8ADB-B9AC09141B72}.Debug|Any CPU.Build.0 = Debug|Any CPU
		{DCFFABAE-625B-420B-8ADB-B9AC09141B72}.Release|Any CPU.ActiveCfg = Release|Any CPU
		{DCFFABAE-625B-420B-8ADB-B9AC09141B72}.Release|Any CPU.Build.0 = Release|Any CPU
	EndGlobalSection
	GlobalSection(SolutionProperties) = preSolution
		HideSolutionNode = FALSE
	EndGlobalSection
	GlobalSection(ExtensibilityGlobals) = postSolution
		SolutionGuid = {F85C0826-2E45-49F7-B650-4812119C23EA}
	EndGlobalSection
EndGlobal
