
Microsoft Visual Studio Solution File, Format Version 12.00
# Visual Studio Version 17
VisualStudioVersion = 17.11.35327.3
MinimumVisualStudioVersion = 10.0.40219.1
Project("{FAE04EC0-301F-11D3-BF4B-00C04F79EFBC}") = "15.While", "15.While\15.While.csproj", "{56707B24-E01C-4104-A359-3385EA831798}"
EndProject
Global
	GlobalSection(SolutionConfigurationPlatforms) = preSolution
		Debug|Any CPU = Debug|Any CPU
		Release|Any CPU = Release|Any CPU
	EndGlobalSection
	GlobalSection(ProjectConfigurationPlatforms) = postSolution
		{56707B24-E01C-4104-A359-3385EA831798}.Debug|Any CPU.ActiveCfg = Debug|Any CPU
		{56707B24-E01C-4104-A359-3385EA831798}.Debug|Any CPU.Build.0 = Debug|Any CPU
		{56707B24-E01C-4104-A359-3385EA831798}.Release|Any CPU.ActiveCfg = Release|Any CPU
		{56707B24-E01C-4104-A359-3385EA831798}.Release|Any CPU.Build.0 = Release|Any CPU
	EndGlobalSection
	GlobalSection(SolutionProperties) = preSolution
		HideSolutionNode = FALSE
	EndGlobalSection
	GlobalSection(ExtensibilityGlobals) = postSolution
		SolutionGuid = {23CBC2CE-9A83-453C-BA6E-02996A019782}
	EndGlobalSection
EndGlobal
