
Microsoft Visual Studio Solution File, Format Version 12.00
# Visual Studio Version 17
VisualStudioVersion = 17.11.35327.3
MinimumVisualStudioVersion = 10.0.40219.1
Project("{FAE04EC0-301F-11D3-BF4B-00C04F79EFBC}") = "12.WhileCiclos", "12.WhileCiclos\12.WhileCiclos.csproj", "{F1591183-8267-45F1-A87C-A494ECD03F7C}"
EndProject
Global
	GlobalSection(SolutionConfigurationPlatforms) = preSolution
		Debug|Any CPU = Debug|Any CPU
		Release|Any CPU = Release|Any CPU
	EndGlobalSection
	GlobalSection(ProjectConfigurationPlatforms) = postSolution
		{F1591183-8267-45F1-A87C-A494ECD03F7C}.Debug|Any CPU.ActiveCfg = Debug|Any CPU
		{F1591183-8267-45F1-A87C-A494ECD03F7C}.Debug|Any CPU.Build.0 = Debug|Any CPU
		{F1591183-8267-45F1-A87C-A494ECD03F7C}.Release|Any CPU.ActiveCfg = Release|Any CPU
		{F1591183-8267-45F1-A87C-A494ECD03F7C}.Release|Any CPU.Build.0 = Release|Any CPU
	EndGlobalSection
	GlobalSection(SolutionProperties) = preSolution
		HideSolutionNode = FALSE
	EndGlobalSection
	GlobalSection(ExtensibilityGlobals) = postSolution
		SolutionGuid = {0971CC0F-7D0C-43C0-A075-FE94883E1EF1}
	EndGlobalSection
EndGlobal
