
Microsoft Visual Studio Solution File, Format Version 12.00
# Visual Studio Version 17
VisualStudioVersion = 17.11.35327.3
MinimumVisualStudioVersion = 10.0.40219.1
Project("{FAE04EC0-301F-11D3-BF4B-00C04F79EFBC}") = "18.While", "18.While\18.While.csproj", "{D4D6C447-9523-4EB5-8970-7A354F9A337A}"
EndProject
Global
	GlobalSection(SolutionConfigurationPlatforms) = preSolution
		Debug|Any CPU = Debug|Any CPU
		Release|Any CPU = Release|Any CPU
	EndGlobalSection
	GlobalSection(ProjectConfigurationPlatforms) = postSolution
		{D4D6C447-9523-4EB5-8970-7A354F9A337A}.Debug|Any CPU.ActiveCfg = Debug|Any CPU
		{D4D6C447-9523-4EB5-8970-7A354F9A337A}.Debug|Any CPU.Build.0 = Debug|Any CPU
		{D4D6C447-9523-4EB5-8970-7A354F9A337A}.Release|Any CPU.ActiveCfg = Release|Any CPU
		{D4D6C447-9523-4EB5-8970-7A354F9A337A}.Release|Any CPU.Build.0 = Release|Any CPU
	EndGlobalSection
	GlobalSection(SolutionProperties) = preSolution
		HideSolutionNode = FALSE
	EndGlobalSection
	GlobalSection(ExtensibilityGlobals) = postSolution
		SolutionGuid = {64981465-A6FE-4927-81FB-4DCA9473F1ED}
	EndGlobalSection
EndGlobal
